
Microsoft Visual Studio Solution File, Format Version 12.00
# Visual Studio 15
VisualStudioVersion = 15.0.27130.2003
MinimumVisualStudioVersion = 10.0.40219.1
Project("{FAE04EC0-301F-11D3-BF4B-00C04F79EFBC}") = "mdKhalid", "mdKhalid\mdKhalid.csproj", "{23CB9B97-B642-4DC9-AC7E-9E58433DF130}"
EndProject
Global
	GlobalSection(SolutionConfigurationPlatforms) = preSolution
		Debug|Any CPU = Debug|Any CPU
		Release|Any CPU = Release|Any CPU
	EndGlobalSection
	GlobalSection(ProjectConfigurationPlatforms) = postSolution
		{23CB9B97-B642-4DC9-AC7E-9E58433DF130}.Debug|Any CPU.ActiveCfg = Debug|Any CPU
		{23CB9B97-B642-4DC9-AC7E-9E58433DF130}.Debug|Any CPU.Build.0 = Debug|Any CPU
		{23CB9B97-B642-4DC9-AC7E-9E58433DF130}.Release|Any CPU.ActiveCfg = Release|Any CPU
		{23CB9B97-B642-4DC9-AC7E-9E58433DF130}.Release|Any CPU.Build.0 = Release|Any CPU
	EndGlobalSection
	GlobalSection(SolutionProperties) = preSolution
		HideSolutionNode = FALSE
	EndGlobalSection
	GlobalSection(ExtensibilityGlobals) = postSolution
		SolutionGuid = {3BB033B2-13FA-4214-9C77-7321C8DA854C}
	EndGlobalSection
EndGlobal
